<?xml version="1.0" encoding="utf-8"?>
<Project ToolsVersion="4.0" xmlns="http://schemas.microsoft.com/developer/msbuild/2003">
  <ItemGroup>
    <Filter Include="ソース ファイル">
      <UniqueIdentifier>{4FC737F1-C7A5-4376-A066-2A32D752A2FF}</UniqueIdentifier>
      <Extensions>cpp;c;cc;cxx;def;odl;idl;hpj;bat;asm;asmx</Extensions>
    </Filter>
    <Filter Include="ヘッダー ファイル">
      <UniqueIdentifier>{93995380-89BD-4b04-88EB-625FBE52EBFB}</UniqueIdentifier>
      <Extensions>h;hh;hpp;hxx;hm;inl;inc;xsd</Extensions>
    </Filter>
    <Filter Include="リソース ファイル">
      <UniqueIdentifier>{67DA6AB6-F800-4c08-8B7A-83BB121AAD01}</UniqueIdentifier>
      <Extensions>rc;ico;cur;bmp;dlg;rc2;rct;bin;rgs;gif;jpg;jpeg;jpe;resx;tiff;tif;png;wav;mfcribbon-ms</Extensions>
    </Filter>
    <Filter Include="Graph">
      <UniqueIdentifier>{afe90e9e-9e88-44c4-bfe5-f70ca0b5156a}</UniqueIdentifier>
    </Filter>
    <Filter Include="Sound">
      <UniqueIdentifier>{40851575-7535-4edf-80eb-17c92a795628}</UniqueIdentifier>
    </Filter>
  </ItemGroup>
  <ItemGroup>
    <ClCompile Include="Main.cpp">
      <Filter>ソース ファイル</Filter>
    </ClCompile>
  </ItemGroup>
  <ItemGroup>
    <Image Include="..\Debug\Graph\Circle.png">
      <Filter>Graph</Filter>
    </Image>
  </ItemGroup>
  <ItemGroup>
    <Media Include="..\Debug\Sound\Mizugame.mp3">
      <Filter>Sound</Filter>
    </Media>
    <Media Include="..\Debug\Sound\SekaiIsan.mp3">
      <Filter>Sound</Filter>
    </Media>
    <Media Include="..\Debug\Sound\Here are Dice.mp3">
      <Filter>Sound</Filter>
    </Media>
  </ItemGroup>
</Project>